
Microsoft Visual Studio Solution File, Format Version 12.00
# Visual Studio 15
VisualStudioVersion = 15.0.28010.2050
MinimumVisualStudioVersion = 10.0.40219.1
Project("{FAE04EC0-301F-11D3-BF4B-00C04F79EFBC}") = "ProjectAlarm", "ProjectAlarm\ProjectAlarm.csproj", "{03F25485-8E15-44F6-B7ED-B45DE08B526B}"
EndProject
Global
	GlobalSection(SolutionConfigurationPlatforms) = preSolution
		Debug|Any CPU = Debug|Any CPU
		Release|Any CPU = Release|Any CPU
	EndGlobalSection
	GlobalSection(ProjectConfigurationPlatforms) = postSolution
		{03F25485-8E15-44F6-B7ED-B45DE08B526B}.Debug|Any CPU.ActiveCfg = Debug|Any CPU
		{03F25485-8E15-44F6-B7ED-B45DE08B526B}.Debug|Any CPU.Build.0 = Debug|Any CPU
		{03F25485-8E15-44F6-B7ED-B45DE08B526B}.Release|Any CPU.ActiveCfg = Release|Any CPU
		{03F25485-8E15-44F6-B7ED-B45DE08B526B}.Release|Any CPU.Build.0 = Release|Any CPU
	EndGlobalSection
	GlobalSection(SolutionProperties) = preSolution
		HideSolutionNode = FALSE
	EndGlobalSection
	GlobalSection(ExtensibilityGlobals) = postSolution
		SolutionGuid = {F890B561-F1F1-4976-9636-631F36AB502B}
	EndGlobalSection
EndGlobal
